
Microsoft Visual Studio Solution File, Format Version 12.00
# Visual Studio Version 17
VisualStudioVersion = 17.10.35013.160
MinimumVisualStudioVersion = 10.0.40219.1
Project("{888888A0-9F3D-457C-B088-3A5042F75D52}") = "first vs code.py", "first vs code.py\first vs code.py.pyproj", "{D1354FE2-BF97-442B-B4D2-2730AC554C1B}"
EndProject
Global
	GlobalSection(SolutionConfigurationPlatforms) = preSolution
		Debug|Any CPU = Debug|Any CPU
		Release|Any CPU = Release|Any CPU
	EndGlobalSection
	GlobalSection(ProjectConfigurationPlatforms) = postSolution
		{D1354FE2-BF97-442B-B4D2-2730AC554C1B}.Debug|Any CPU.ActiveCfg = Debug|Any CPU
		{D1354FE2-BF97-442B-B4D2-2730AC554C1B}.Release|Any CPU.ActiveCfg = Release|Any CPU
	EndGlobalSection
	GlobalSection(SolutionProperties) = preSolution
		HideSolutionNode = FALSE
	EndGlobalSection
	GlobalSection(ExtensibilityGlobals) = postSolution
		SolutionGuid = {E19BD699-E6BC-4C2E-A667-52B59D01E8FC}
	EndGlobalSection
EndGlobal
